
Microsoft Visual Studio Solution File, Format Version 12.00
# Visual Studio 15
VisualStudioVersion = 15.0.28010.2016
MinimumVisualStudioVersion = 10.0.40219.1
Project("{FAE04EC0-301F-11D3-BF4B-00C04F79EFBC}") = "BankPercent", "BankPercent\BankPercent.csproj", "{3893B7A9-3A4C-4A93-B24C-15092C4F28C6}"
EndProject
Global
	GlobalSection(SolutionConfigurationPlatforms) = preSolution
		Debug|Any CPU = Debug|Any CPU
		Release|Any CPU = Release|Any CPU
	EndGlobalSection
	GlobalSection(ProjectConfigurationPlatforms) = postSolution
		{3893B7A9-3A4C-4A93-B24C-15092C4F28C6}.Debug|Any CPU.ActiveCfg = Debug|Any CPU
		{3893B7A9-3A4C-4A93-B24C-15092C4F28C6}.Debug|Any CPU.Build.0 = Debug|Any CPU
		{3893B7A9-3A4C-4A93-B24C-15092C4F28C6}.Release|Any CPU.ActiveCfg = Release|Any CPU
		{3893B7A9-3A4C-4A93-B24C-15092C4F28C6}.Release|Any CPU.Build.0 = Release|Any CPU
	EndGlobalSection
	GlobalSection(SolutionProperties) = preSolution
		HideSolutionNode = FALSE
	EndGlobalSection
	GlobalSection(ExtensibilityGlobals) = postSolution
		SolutionGuid = {7C1F0ED5-BFE0-4990-94F9-3B2B36F6F613}
	EndGlobalSection
EndGlobal
