
Microsoft Visual Studio Solution File, Format Version 12.00
# Visual Studio 15
VisualStudioVersion = 15.0.28010.2016
MinimumVisualStudioVersion = 10.0.40219.1
Project("{FAE04EC0-301F-11D3-BF4B-00C04F79EFBC}") = "DataBaseServer", "DataBaseServer\DataBaseServer.csproj", "{F6C33751-5D14-4256-947A-512EA5FC71EB}"
EndProject
Global
	GlobalSection(SolutionConfigurationPlatforms) = preSolution
		Debug|Any CPU = Debug|Any CPU
		Release|Any CPU = Release|Any CPU
	EndGlobalSection
	GlobalSection(ProjectConfigurationPlatforms) = postSolution
		{F6C33751-5D14-4256-947A-512EA5FC71EB}.Debug|Any CPU.ActiveCfg = Debug|Any CPU
		{F6C33751-5D14-4256-947A-512EA5FC71EB}.Debug|Any CPU.Build.0 = Debug|Any CPU
		{F6C33751-5D14-4256-947A-512EA5FC71EB}.Release|Any CPU.ActiveCfg = Release|Any CPU
		{F6C33751-5D14-4256-947A-512EA5FC71EB}.Release|Any CPU.Build.0 = Release|Any CPU
	EndGlobalSection
	GlobalSection(SolutionProperties) = preSolution
		HideSolutionNode = FALSE
	EndGlobalSection
	GlobalSection(ExtensibilityGlobals) = postSolution
		SolutionGuid = {59B0B4EA-C69F-4E96-95E1-500458879790}
	EndGlobalSection
EndGlobal
