
Microsoft Visual Studio Solution File, Format Version 12.00
# Visual Studio 15
VisualStudioVersion = 15.0.28010.2016
MinimumVisualStudioVersion = 10.0.40219.1
Project("{FAE04EC0-301F-11D3-BF4B-00C04F79EFBC}") = "HoursMinuteAngle", "HoursMinuteAngle\HoursMinuteAngle.csproj", "{BC541ABB-411C-478E-95E2-D14109C1164D}"
EndProject
Global
	GlobalSection(SolutionConfigurationPlatforms) = preSolution
		Debug|Any CPU = Debug|Any CPU
		Release|Any CPU = Release|Any CPU
	EndGlobalSection
	GlobalSection(ProjectConfigurationPlatforms) = postSolution
		{BC541ABB-411C-478E-95E2-D14109C1164D}.Debug|Any CPU.ActiveCfg = Debug|Any CPU
		{BC541ABB-411C-478E-95E2-D14109C1164D}.Debug|Any CPU.Build.0 = Debug|Any CPU
		{BC541ABB-411C-478E-95E2-D14109C1164D}.Release|Any CPU.ActiveCfg = Release|Any CPU
		{BC541ABB-411C-478E-95E2-D14109C1164D}.Release|Any CPU.Build.0 = Release|Any CPU
	EndGlobalSection
	GlobalSection(SolutionProperties) = preSolution
		HideSolutionNode = FALSE
	EndGlobalSection
	GlobalSection(ExtensibilityGlobals) = postSolution
		SolutionGuid = {97C6CEF2-C171-4FAB-AE1F-145CC6B57F86}
	EndGlobalSection
EndGlobal
