<<<<<<< HEAD
﻿
Microsoft Visual Studio Solution File, Format Version 12.00
# Visual Studio 15
VisualStudioVersion = 15.0.28010.2016
MinimumVisualStudioVersion = 10.0.40219.1
Project("{FAE04EC0-301F-11D3-BF4B-00C04F79EFBC}") = "Fibs", "Fibs\Fibs.csproj", "{30D0D594-CECF-4E96-AFAC-3BA2D4449BD4}"
EndProject
Global
	GlobalSection(SolutionConfigurationPlatforms) = preSolution
		Debug|Any CPU = Debug|Any CPU
		Release|Any CPU = Release|Any CPU
	EndGlobalSection
	GlobalSection(ProjectConfigurationPlatforms) = postSolution
		{30D0D594-CECF-4E96-AFAC-3BA2D4449BD4}.Debug|Any CPU.ActiveCfg = Debug|Any CPU
		{30D0D594-CECF-4E96-AFAC-3BA2D4449BD4}.Debug|Any CPU.Build.0 = Debug|Any CPU
		{30D0D594-CECF-4E96-AFAC-3BA2D4449BD4}.Release|Any CPU.ActiveCfg = Release|Any CPU
		{30D0D594-CECF-4E96-AFAC-3BA2D4449BD4}.Release|Any CPU.Build.0 = Release|Any CPU
	EndGlobalSection
	GlobalSection(SolutionProperties) = preSolution
		HideSolutionNode = FALSE
	EndGlobalSection
	GlobalSection(ExtensibilityGlobals) = postSolution
		SolutionGuid = {304B4372-4AD1-4FC5-96DE-A45F017277CA}
	EndGlobalSection
EndGlobal
=======
﻿
Microsoft Visual Studio Solution File, Format Version 12.00
# Visual Studio 15
VisualStudioVersion = 15.0.28010.2016
MinimumVisualStudioVersion = 10.0.40219.1
Project("{FAE04EC0-301F-11D3-BF4B-00C04F79EFBC}") = "Fibs", "Fibs\Fibs.csproj", "{30D0D594-CECF-4E96-AFAC-3BA2D4449BD4}"
EndProject
Global
	GlobalSection(SolutionConfigurationPlatforms) = preSolution
		Debug|Any CPU = Debug|Any CPU
		Release|Any CPU = Release|Any CPU
	EndGlobalSection
	GlobalSection(ProjectConfigurationPlatforms) = postSolution
		{30D0D594-CECF-4E96-AFAC-3BA2D4449BD4}.Debug|Any CPU.ActiveCfg = Debug|Any CPU
		{30D0D594-CECF-4E96-AFAC-3BA2D4449BD4}.Debug|Any CPU.Build.0 = Debug|Any CPU
		{30D0D594-CECF-4E96-AFAC-3BA2D4449BD4}.Release|Any CPU.ActiveCfg = Release|Any CPU
		{30D0D594-CECF-4E96-AFAC-3BA2D4449BD4}.Release|Any CPU.Build.0 = Release|Any CPU
	EndGlobalSection
	GlobalSection(SolutionProperties) = preSolution
		HideSolutionNode = FALSE
	EndGlobalSection
	GlobalSection(ExtensibilityGlobals) = postSolution
		SolutionGuid = {304B4372-4AD1-4FC5-96DE-A45F017277CA}
	EndGlobalSection
EndGlobal
>>>>>>> 2fb0e1c20ffaad2b148384ab52ce02ed767bc6b4
