
Microsoft Visual Studio Solution File, Format Version 12.00
# Visual Studio 15
VisualStudioVersion = 15.0.28010.2016
MinimumVisualStudioVersion = 10.0.40219.1
Project("{FAE04EC0-301F-11D3-BF4B-00C04F79EFBC}") = "PatienceSort", "PatienceSort\PatienceSort.csproj", "{A8782A40-8F09-44EE-8492-D45186EDE165}"
EndProject
Global
	GlobalSection(SolutionConfigurationPlatforms) = preSolution
		Debug|Any CPU = Debug|Any CPU
		Release|Any CPU = Release|Any CPU
	EndGlobalSection
	GlobalSection(ProjectConfigurationPlatforms) = postSolution
		{A8782A40-8F09-44EE-8492-D45186EDE165}.Debug|Any CPU.ActiveCfg = Debug|Any CPU
		{A8782A40-8F09-44EE-8492-D45186EDE165}.Debug|Any CPU.Build.0 = Debug|Any CPU
		{A8782A40-8F09-44EE-8492-D45186EDE165}.Release|Any CPU.ActiveCfg = Release|Any CPU
		{A8782A40-8F09-44EE-8492-D45186EDE165}.Release|Any CPU.Build.0 = Release|Any CPU
	EndGlobalSection
	GlobalSection(SolutionProperties) = preSolution
		HideSolutionNode = FALSE
	EndGlobalSection
	GlobalSection(ExtensibilityGlobals) = postSolution
		SolutionGuid = {1CF17B1B-36F4-4694-9A63-9189362FF3DA}
	EndGlobalSection
EndGlobal
