
Microsoft Visual Studio Solution File, Format Version 12.00
# Visual Studio 15
VisualStudioVersion = 15.0.28010.2016
MinimumVisualStudioVersion = 10.0.40219.1
Project("{FAE04EC0-301F-11D3-BF4B-00C04F79EFBC}") = "TrueTurn", "TrueTurn\TrueTurn.csproj", "{FD0ACE71-746F-4318-AE14-C4F8C9D37657}"
EndProject
Global
	GlobalSection(SolutionConfigurationPlatforms) = preSolution
		Debug|Any CPU = Debug|Any CPU
		Release|Any CPU = Release|Any CPU
	EndGlobalSection
	GlobalSection(ProjectConfigurationPlatforms) = postSolution
		{FD0ACE71-746F-4318-AE14-C4F8C9D37657}.Debug|Any CPU.ActiveCfg = Debug|Any CPU
		{FD0ACE71-746F-4318-AE14-C4F8C9D37657}.Debug|Any CPU.Build.0 = Debug|Any CPU
		{FD0ACE71-746F-4318-AE14-C4F8C9D37657}.Release|Any CPU.ActiveCfg = Release|Any CPU
		{FD0ACE71-746F-4318-AE14-C4F8C9D37657}.Release|Any CPU.Build.0 = Release|Any CPU
	EndGlobalSection
	GlobalSection(SolutionProperties) = preSolution
		HideSolutionNode = FALSE
	EndGlobalSection
	GlobalSection(ExtensibilityGlobals) = postSolution
		SolutionGuid = {A84F94C8-F50B-4A21-9C09-741852403D6A}
	EndGlobalSection
EndGlobal
